
Microsoft Visual Studio Solution File, Format Version 12.00
# Visual Studio Version 16
VisualStudioVersion = 16.0.32901.82
MinimumVisualStudioVersion = 10.0.40219.1
Project("{FAE04EC0-301F-11D3-BF4B-00C04F79EFBC}") = "Exercise3Time", "Exercise3Time.csproj", "{58FF9C41-1D3A-4B68-8B80-0EC83B421E23}"
EndProject
Global
	GlobalSection(SolutionConfigurationPlatforms) = preSolution
		Debug|Any CPU = Debug|Any CPU
		Release|Any CPU = Release|Any CPU
	EndGlobalSection
	GlobalSection(ProjectConfigurationPlatforms) = postSolution
		{58FF9C41-1D3A-4B68-8B80-0EC83B421E23}.Debug|Any CPU.ActiveCfg = Debug|Any CPU
		{58FF9C41-1D3A-4B68-8B80-0EC83B421E23}.Debug|Any CPU.Build.0 = Debug|Any CPU
		{58FF9C41-1D3A-4B68-8B80-0EC83B421E23}.Release|Any CPU.ActiveCfg = Release|Any CPU
		{58FF9C41-1D3A-4B68-8B80-0EC83B421E23}.Release|Any CPU.Build.0 = Release|Any CPU
	EndGlobalSection
	GlobalSection(SolutionProperties) = preSolution
		HideSolutionNode = FALSE
	EndGlobalSection
	GlobalSection(ExtensibilityGlobals) = postSolution
		SolutionGuid = {3C74C4E9-08E5-409D-AC3C-C2CDB8E2388A}
	EndGlobalSection
EndGlobal
